
Microsoft Visual Studio Solution File, Format Version 12.00
# Visual Studio Version 16
VisualStudioVersion = 16.0.31624.102
MinimumVisualStudioVersion = 10.0.40219.1
Project("{FAE04EC0-301F-11D3-BF4B-00C04F79EFBC}") = "shootcraft", "shootcraft.csproj", "{923BF7FA-9449-4C9F-AE57-1F9F5A8DFB0F}"
EndProject
Project("{2150E333-8FDC-42A3-9474-1A3956D46DE8}") = "Solution Items", "Solution Items", "{E011C375-A940-48C6-9C59-A44CBD1BD4E3}"
	ProjectSection(SolutionItems) = preProject
		.editorconfig = .editorconfig
	EndProjectSection
EndProject
Global
	GlobalSection(SolutionConfigurationPlatforms) = preSolution
		Debug|Any CPU = Debug|Any CPU
		Release|Any CPU = Release|Any CPU
	EndGlobalSection
	GlobalSection(ProjectConfigurationPlatforms) = postSolution
		{923BF7FA-9449-4C9F-AE57-1F9F5A8DFB0F}.Debug|Any CPU.ActiveCfg = Debug|Any CPU
		{923BF7FA-9449-4C9F-AE57-1F9F5A8DFB0F}.Debug|Any CPU.Build.0 = Debug|Any CPU
		{923BF7FA-9449-4C9F-AE57-1F9F5A8DFB0F}.Release|Any CPU.ActiveCfg = Release|Any CPU
		{923BF7FA-9449-4C9F-AE57-1F9F5A8DFB0F}.Release|Any CPU.Build.0 = Release|Any CPU
	EndGlobalSection
	GlobalSection(SolutionProperties) = preSolution
		HideSolutionNode = FALSE
	EndGlobalSection
	GlobalSection(ExtensibilityGlobals) = postSolution
		SolutionGuid = {03EDF31A-9C5A-4E09-B5CA-EE5817DD78D1}
	EndGlobalSection
EndGlobal
